
Microsoft Visual Studio Solution File, Format Version 12.00
# Visual Studio Version 16
VisualStudioVersion = 16.0.30611.23
MinimumVisualStudioVersion = 10.0.40219.1
Project("{FAE04EC0-301F-11D3-BF4B-00C04F79EFBC}") = "Tournament-Scheduler", "Tournament-Scheduler\Tournament-Scheduler.csproj", "{D1E7BEF8-0290-4967-BB6D-D07635528982}"
EndProject
Global
	GlobalSection(SolutionConfigurationPlatforms) = preSolution
		Debug|Any CPU = Debug|Any CPU
		Release|Any CPU = Release|Any CPU
	EndGlobalSection
	GlobalSection(ProjectConfigurationPlatforms) = postSolution
		{D1E7BEF8-0290-4967-BB6D-D07635528982}.Debug|Any CPU.ActiveCfg = Debug|Any CPU
		{D1E7BEF8-0290-4967-BB6D-D07635528982}.Debug|Any CPU.Build.0 = Debug|Any CPU
		{D1E7BEF8-0290-4967-BB6D-D07635528982}.Release|Any CPU.ActiveCfg = Release|Any CPU
		{D1E7BEF8-0290-4967-BB6D-D07635528982}.Release|Any CPU.Build.0 = Release|Any CPU
	EndGlobalSection
	GlobalSection(SolutionProperties) = preSolution
		HideSolutionNode = FALSE
	EndGlobalSection
	GlobalSection(ExtensibilityGlobals) = postSolution
		SolutionGuid = {735EBB64-8709-4F9E-AE57-236048DA94CC}
	EndGlobalSection
EndGlobal
